{
    "version": 3,
    "terraform_version": "0.11.2",
    "serial": 2,
    "lineage": "1fa84aa4-7020-4023-8354-f8aecc18230a",
    "modules": [
        {
            "path": [
                "root"
            ],
            "outputs": {},
            "resources": {},
            "depends_on": []
        },
        {
            "path": [
                "root",
                "create_vpc"
            ],
            "outputs": {
                "vpc_id": {
                    "sensitive": false,
                    "type": "string",
                    "value": "vpc-2fb56354"
                }
            },
            "resources": {
                "aws_vpc.new_vpc": {
                    "type": "aws_vpc",
                    "depends_on": [],
                    "primary": {
                        "id": "vpc-2fb56354",
                        "attributes": {
                            "assign_generated_ipv6_cidr_block": "false",
                            "cidr_block": "172.16.0.0/16",
                            "default_network_acl_id": "acl-3bd1f040",
                            "default_route_table_id": "rtb-6ec83112",
                            "default_security_group_id": "sg-85979af2",
                            "dhcp_options_id": "dopt-ba5f71dc",
                            "enable_classiclink": "false",
                            "enable_classiclink_dns_support": "false",
                            "enable_dns_hostnames": "true",
                            "enable_dns_support": "true",
                            "id": "vpc-2fb56354",
                            "instance_tenancy": "default",
                            "main_route_table_id": "rtb-6ec83112",
                            "tags.%": "1",
                            "tags.Name": "test_vpc"
                        },
                        "meta": {
                            "schema_version": "1"
                        },
                        "tainted": false
                    },
                    "deposed": [],
                    "provider": "provider.aws"
                }
            },
            "depends_on": []
        }
    ]
}
