{
    "version": 3,
    "terraform_version": "0.11.3",
    "serial": 5,
    "lineage": "5360a849-56c9-48ba-8f61-f3d94a6348bf",
    "modules": [
        {
            "path": [
                "root"
            ],
            "outputs": {},
            "resources": {},
            "depends_on": []
        },
        {
            "path": [
                "root",
                "create_vpc"
            ],
            "outputs": {
                "vpc_id": {
                    "sensitive": false,
                    "type": "string",
                    "value": "vpc-7a2ffb01"
                }
            },
            "resources": {
                "aws_subnet.main": {
                    "type": "aws_subnet",
                    "depends_on": [
                        "aws_vpc.new_vpc"
                    ],
                    "primary": {
                        "id": "subnet-f0554ebb",
                        "attributes": {
                            "assign_ipv6_address_on_creation": "false",
                            "availability_zone": "us-east-1a",
                            "cidr_block": "172.16.0.0/16",
                            "id": "subnet-f0554ebb",
                            "map_public_ip_on_launch": "false",
                            "tags.%": "1",
                            "tags.Name": "public_subnet",
                            "vpc_id": "vpc-7a2ffb01"
                        },
                        "meta": {
                            "schema_version": "1"
                        },
                        "tainted": false
                    },
                    "deposed": [],
                    "provider": "provider.aws"
                },
                "aws_vpc.new_vpc": {
                    "type": "aws_vpc",
                    "depends_on": [],
                    "primary": {
                        "id": "vpc-7a2ffb01",
                        "attributes": {
                            "assign_generated_ipv6_cidr_block": "false",
                            "cidr_block": "172.16.0.0/16",
                            "default_network_acl_id": "acl-71785e0a",
                            "default_route_table_id": "rtb-3402fd48",
                            "default_security_group_id": "sg-d58f89a2",
                            "dhcp_options_id": "dopt-ba5f71dc",
                            "enable_classiclink": "false",
                            "enable_classiclink_dns_support": "false",
                            "enable_dns_hostnames": "true",
                            "enable_dns_support": "true",
                            "id": "vpc-7a2ffb01",
                            "instance_tenancy": "default",
                            "main_route_table_id": "rtb-3402fd48",
                            "tags.%": "1",
                            "tags.Name": "test_vpc"
                        },
                        "meta": {
                            "schema_version": "1"
                        },
                        "tainted": false
                    },
                    "deposed": [],
                    "provider": "provider.aws"
                }
            },
            "depends_on": []
        }
    ]
}
