{
    "version": 3,
    "terraform_version": "0.11.2",
    "serial": 10,
    "lineage": "1fa84aa4-7020-4023-8354-f8aecc18230a",
    "modules": [
        {
            "path": [
                "root"
            ],
            "outputs": {},
            "resources": {},
            "depends_on": []
        },
        {
            "path": [
                "root",
                "create_vpc"
            ],
            "outputs": {
                "vpc_id": {
                    "sensitive": false,
                    "type": "string",
                    "value": "vpc-9304d9e8"
                }
            },
            "resources": {
                "aws_eip.nat": {
                    "type": "aws_eip",
                    "depends_on": [],
                    "primary": {
                        "id": "eipalloc-57c5f761",
                        "attributes": {
                            "association_id": "",
                            "domain": "vpc",
                            "id": "eipalloc-57c5f761",
                            "instance": "",
                            "network_interface": "",
                            "private_ip": "",
                            "public_ip": "35.172.72.62",
                            "tags.%": "1",
                            "tags.Name": "NAT_IP",
                            "vpc": "true"
                        },
                        "meta": {},
                        "tainted": false
                    },
                    "deposed": [],
                    "provider": "provider.aws"
                },
                "aws_internet_gateway.vpc_internet_gateway": {
                    "type": "aws_internet_gateway",
                    "depends_on": [
                        "aws_vpc.new_vpc"
                    ],
                    "primary": {
                        "id": "igw-d8a059a0",
                        "attributes": {
                            "id": "igw-d8a059a0",
                            "tags.%": "1",
                            "tags.Name": "default_VPC_gateway",
                            "vpc_id": "vpc-9304d9e8"
                        },
                        "meta": {},
                        "tainted": false
                    },
                    "deposed": [],
                    "provider": "provider.aws"
                },
                "aws_nat_gateway.new_nat_gateway": {
                    "type": "aws_nat_gateway",
                    "depends_on": [
                        "aws_eip.nat",
                        "aws_internet_gateway.vpc_internet_gateway",
                        "aws_subnet.new_public_subnet"
                    ],
                    "primary": {
                        "id": "nat-08c176861934b1233",
                        "attributes": {
                            "allocation_id": "eipalloc-57c5f761",
                            "id": "nat-08c176861934b1233",
                            "network_interface_id": "eni-d07e2d50",
                            "private_ip": "10.0.1.82",
                            "public_ip": "35.172.72.62",
                            "subnet_id": "subnet-4ca7a228",
                            "tags.%": "1",
                            "tags.Name": "NAT Gateway"
                        },
                        "meta": {},
                        "tainted": false
                    },
                    "deposed": [],
                    "provider": "provider.aws"
                },
                "aws_route.private_nat_gateway.0": {
                    "type": "aws_route",
                    "depends_on": [
                        "aws_nat_gateway.new_nat_gateway",
                        "aws_route_table.private.*"
                    ],
                    "primary": {
                        "id": "r-rtb-514b8c2d1080289494",
                        "attributes": {
                            "destination_cidr_block": "0.0.0.0/0",
                            "destination_prefix_list_id": "",
                            "egress_only_gateway_id": "",
                            "gateway_id": "",
                            "id": "r-rtb-514b8c2d1080289494",
                            "instance_id": "",
                            "instance_owner_id": "",
                            "nat_gateway_id": "nat-08c176861934b1233",
                            "network_interface_id": "",
                            "origin": "CreateRoute",
                            "route_table_id": "rtb-514b8c2d",
                            "state": "active",
                            "vpc_peering_connection_id": ""
                        },
                        "meta": {},
                        "tainted": false
                    },
                    "deposed": [],
                    "provider": "provider.aws"
                },
                "aws_route.private_nat_gateway.1": {
                    "type": "aws_route",
                    "depends_on": [
                        "aws_nat_gateway.new_nat_gateway",
                        "aws_route_table.private.*"
                    ],
                    "primary": {
                        "id": "r-rtb-ba5592c61080289494",
                        "attributes": {
                            "destination_cidr_block": "0.0.0.0/0",
                            "destination_prefix_list_id": "",
                            "egress_only_gateway_id": "",
                            "gateway_id": "",
                            "id": "r-rtb-ba5592c61080289494",
                            "instance_id": "",
                            "instance_owner_id": "",
                            "nat_gateway_id": "nat-08c176861934b1233",
                            "network_interface_id": "",
                            "origin": "CreateRoute",
                            "route_table_id": "rtb-ba5592c6",
                            "state": "active",
                            "vpc_peering_connection_id": ""
                        },
                        "meta": {},
                        "tainted": false
                    },
                    "deposed": [],
                    "provider": "provider.aws"
                },
                "aws_route.public_internet_gateway": {
                    "type": "aws_route",
                    "depends_on": [
                        "aws_internet_gateway.vpc_internet_gateway",
                        "aws_route_table.public"
                    ],
                    "primary": {
                        "id": "r-rtb-94498ee81080289494",
                        "attributes": {
                            "destination_cidr_block": "0.0.0.0/0",
                            "destination_prefix_list_id": "",
                            "egress_only_gateway_id": "",
                            "gateway_id": "igw-d8a059a0",
                            "id": "r-rtb-94498ee81080289494",
                            "instance_id": "",
                            "instance_owner_id": "",
                            "nat_gateway_id": "",
                            "network_interface_id": "",
                            "origin": "CreateRoute",
                            "route_table_id": "rtb-94498ee8",
                            "state": "active",
                            "vpc_peering_connection_id": ""
                        },
                        "meta": {},
                        "tainted": false
                    },
                    "deposed": [],
                    "provider": "provider.aws"
                },
                "aws_route_table.private.0": {
                    "type": "aws_route_table",
                    "depends_on": [
                        "aws_vpc.new_vpc",
                        "local.max_subnet_length"
                    ],
                    "primary": {
                        "id": "rtb-514b8c2d",
                        "attributes": {
                            "id": "rtb-514b8c2d",
                            "propagating_vgws.#": "0",
                            "route.#": "0",
                            "tags.%": "1",
                            "tags.Name": "Private route table",
                            "vpc_id": "vpc-9304d9e8"
                        },
                        "meta": {},
                        "tainted": false
                    },
                    "deposed": [],
                    "provider": "provider.aws"
                },
                "aws_route_table.private.1": {
                    "type": "aws_route_table",
                    "depends_on": [
                        "aws_vpc.new_vpc",
                        "local.max_subnet_length"
                    ],
                    "primary": {
                        "id": "rtb-ba5592c6",
                        "attributes": {
                            "id": "rtb-ba5592c6",
                            "propagating_vgws.#": "0",
                            "route.#": "0",
                            "tags.%": "1",
                            "tags.Name": "Private route table",
                            "vpc_id": "vpc-9304d9e8"
                        },
                        "meta": {},
                        "tainted": false
                    },
                    "deposed": [],
                    "provider": "provider.aws"
                },
                "aws_route_table.public": {
                    "type": "aws_route_table",
                    "depends_on": [
                        "aws_vpc.new_vpc"
                    ],
                    "primary": {
                        "id": "rtb-94498ee8",
                        "attributes": {
                            "id": "rtb-94498ee8",
                            "propagating_vgws.#": "0",
                            "route.#": "0",
                            "tags.%": "1",
                            "tags.Name": "Public route table",
                            "vpc_id": "vpc-9304d9e8"
                        },
                        "meta": {},
                        "tainted": false
                    },
                    "deposed": [],
                    "provider": "provider.aws"
                },
                "aws_subnet.new_private_subnet.0": {
                    "type": "aws_subnet",
                    "depends_on": [
                        "aws_vpc.new_vpc"
                    ],
                    "primary": {
                        "id": "subnet-2a6d3e77",
                        "attributes": {
                            "assign_ipv6_address_on_creation": "false",
                            "availability_zone": "us-east-1b",
                            "cidr_block": "10.0.2.0/24",
                            "id": "subnet-2a6d3e77",
                            "map_public_ip_on_launch": "false",
                            "tags.%": "1",
                            "tags.Name": "private_subnet1",
                            "vpc_id": "vpc-9304d9e8"
                        },
                        "meta": {
                            "schema_version": "1"
                        },
                        "tainted": false
                    },
                    "deposed": [],
                    "provider": "provider.aws"
                },
                "aws_subnet.new_private_subnet.1": {
                    "type": "aws_subnet",
                    "depends_on": [
                        "aws_vpc.new_vpc"
                    ],
                    "primary": {
                        "id": "subnet-43a7a227",
                        "attributes": {
                            "assign_ipv6_address_on_creation": "false",
                            "availability_zone": "us-east-1c",
                            "cidr_block": "10.0.3.0/24",
                            "id": "subnet-43a7a227",
                            "map_public_ip_on_launch": "false",
                            "tags.%": "1",
                            "tags.Name": "private_subnet2",
                            "vpc_id": "vpc-9304d9e8"
                        },
                        "meta": {
                            "schema_version": "1"
                        },
                        "tainted": false
                    },
                    "deposed": [],
                    "provider": "provider.aws"
                },
                "aws_subnet.new_public_subnet": {
                    "type": "aws_subnet",
                    "depends_on": [
                        "aws_vpc.new_vpc"
                    ],
                    "primary": {
                        "id": "subnet-4ca7a228",
                        "attributes": {
                            "assign_ipv6_address_on_creation": "false",
                            "availability_zone": "us-east-1c",
                            "cidr_block": "10.0.1.0/24",
                            "id": "subnet-4ca7a228",
                            "map_public_ip_on_launch": "true",
                            "tags.%": "1",
                            "tags.Name": "public_subnet",
                            "vpc_id": "vpc-9304d9e8"
                        },
                        "meta": {
                            "schema_version": "1"
                        },
                        "tainted": false
                    },
                    "deposed": [],
                    "provider": "provider.aws"
                },
                "aws_vpc.new_vpc": {
                    "type": "aws_vpc",
                    "depends_on": [],
                    "primary": {
                        "id": "vpc-9304d9e8",
                        "attributes": {
                            "assign_generated_ipv6_cidr_block": "false",
                            "cidr_block": "10.0.0.0/16",
                            "default_network_acl_id": "acl-75e4cb0e",
                            "default_route_table_id": "rtb-2e539452",
                            "default_security_group_id": "sg-aa2d35dd",
                            "dhcp_options_id": "dopt-ba5f71dc",
                            "enable_classiclink": "false",
                            "enable_classiclink_dns_support": "false",
                            "enable_dns_hostnames": "true",
                            "enable_dns_support": "true",
                            "id": "vpc-9304d9e8",
                            "instance_tenancy": "default",
                            "main_route_table_id": "rtb-2e539452",
                            "tags.%": "1",
                            "tags.Name": "test_vpc"
                        },
                        "meta": {
                            "schema_version": "1"
                        },
                        "tainted": false
                    },
                    "deposed": [],
                    "provider": "provider.aws"
                }
            },
            "depends_on": []
        }
    ]
}
