{
    "version": 3,
    "terraform_version": "0.11.2",
    "serial": 6,
    "lineage": "1fa84aa4-7020-4023-8354-f8aecc18230a",
    "modules": [
        {
            "path": [
                "root"
            ],
            "outputs": {},
            "resources": {},
            "depends_on": []
        },
        {
            "path": [
                "root",
                "create_vpc"
            ],
            "outputs": {
                "vpc_id": {
                    "sensitive": false,
                    "type": "string",
                    "value": "vpc-d2d204a9"
                }
            },
            "resources": {
                "aws_internet_gateway.vpc_internet_gateway": {
                    "type": "aws_internet_gateway",
                    "depends_on": [
                        "aws_vpc.new_vpc"
                    ],
                    "primary": {
                        "id": "igw-4473813c",
                        "attributes": {
                            "id": "igw-4473813c",
                            "tags.%": "1",
                            "tags.Name": "default_VPC_gateway",
                            "vpc_id": "vpc-d2d204a9"
                        },
                        "meta": {},
                        "tainted": false
                    },
                    "deposed": [],
                    "provider": "provider.aws"
                },
                "aws_subnet.new_private_subnet.0": {
                    "type": "aws_subnet",
                    "depends_on": [
                        "aws_vpc.new_vpc"
                    ],
                    "primary": {
                        "id": "subnet-df6e38e0",
                        "attributes": {
                            "assign_ipv6_address_on_creation": "false",
                            "availability_zone": "us-east-1e",
                            "cidr_block": "10.0.2.0/24",
                            "id": "subnet-df6e38e0",
                            "map_public_ip_on_launch": "false",
                            "tags.%": "1",
                            "tags.Name": "private_subnet1",
                            "vpc_id": "vpc-d2d204a9"
                        },
                        "meta": {
                            "schema_version": "1"
                        },
                        "tainted": false
                    },
                    "deposed": [],
                    "provider": "provider.aws"
                },
                "aws_subnet.new_private_subnet.1": {
                    "type": "aws_subnet",
                    "depends_on": [
                        "aws_vpc.new_vpc"
                    ],
                    "primary": {
                        "id": "subnet-91c3149e",
                        "attributes": {
                            "assign_ipv6_address_on_creation": "false",
                            "availability_zone": "us-east-1f",
                            "cidr_block": "10.0.3.0/24",
                            "id": "subnet-91c3149e",
                            "map_public_ip_on_launch": "false",
                            "tags.%": "1",
                            "tags.Name": "private_subnet2",
                            "vpc_id": "vpc-d2d204a9"
                        },
                        "meta": {
                            "schema_version": "1"
                        },
                        "tainted": false
                    },
                    "deposed": [],
                    "provider": "provider.aws"
                },
                "aws_subnet.new_public_subnet": {
                    "type": "aws_subnet",
                    "depends_on": [
                        "aws_vpc.new_vpc"
                    ],
                    "primary": {
                        "id": "subnet-e4bfeccb",
                        "attributes": {
                            "assign_ipv6_address_on_creation": "false",
                            "availability_zone": "us-east-1d",
                            "cidr_block": "10.0.1.0/24",
                            "id": "subnet-e4bfeccb",
                            "map_public_ip_on_launch": "true",
                            "tags.%": "1",
                            "tags.Name": "public_subnet",
                            "vpc_id": "vpc-d2d204a9"
                        },
                        "meta": {
                            "schema_version": "1"
                        },
                        "tainted": false
                    },
                    "deposed": [],
                    "provider": "provider.aws"
                },
                "aws_vpc.new_vpc": {
                    "type": "aws_vpc",
                    "depends_on": [],
                    "primary": {
                        "id": "vpc-d2d204a9",
                        "attributes": {
                            "assign_generated_ipv6_cidr_block": "false",
                            "cidr_block": "10.0.0.0/16",
                            "default_network_acl_id": "acl-b3bf9ec8",
                            "default_route_table_id": "rtb-0b19e077",
                            "default_security_group_id": "sg-f5252982",
                            "dhcp_options_id": "dopt-ba5f71dc",
                            "enable_classiclink": "false",
                            "enable_classiclink_dns_support": "false",
                            "enable_dns_hostnames": "true",
                            "enable_dns_support": "true",
                            "id": "vpc-d2d204a9",
                            "instance_tenancy": "default",
                            "main_route_table_id": "rtb-0b19e077",
                            "tags.%": "1",
                            "tags.Name": "test_vpc"
                        },
                        "meta": {
                            "schema_version": "1"
                        },
                        "tainted": false
                    },
                    "deposed": [],
                    "provider": "provider.aws"
                }
            },
            "depends_on": []
        }
    ]
}
